
Microsoft Visual Studio Solution File, Format Version 12.00
Project("{FAE04EC0-301F-11D3-BF4B-00C04F79EFBC}") = "ConsoleApplication1", "ConsoleApplication1\ConsoleApplication1.csproj", "{1CCCD14D-4E8F-4D9E-BD6A-5E5E4C76EEF6}"
EndProject
Global
	GlobalSection(SolutionConfigurationPlatforms) = preSolution
		Debug|Any CPU = Debug|Any CPU
		Release|Any CPU = Release|Any CPU
	EndGlobalSection
	GlobalSection(ProjectConfigurationPlatforms) = postSolution
		{1CCCD14D-4E8F-4D9E-BD6A-5E5E4C76EEF6}.Debug|Any CPU.ActiveCfg = Debug|Any CPU
		{1CCCD14D-4E8F-4D9E-BD6A-5E5E4C76EEF6}.Debug|Any CPU.Build.0 = Debug|Any CPU
		{1CCCD14D-4E8F-4D9E-BD6A-5E5E4C76EEF6}.Release|Any CPU.ActiveCfg = Release|Any CPU
		{1CCCD14D-4E8F-4D9E-BD6A-5E5E4C76EEF6}.Release|Any CPU.Build.0 = Release|Any CPU
	EndGlobalSection
EndGlobal
